lockfileVersion: '9.0'

settings:
  autoInstallPeers: true
  excludeLinksFromLockfile: false

importers:

  .:
    dependencies:
      highlight.js:
        specifier: ^11.9.0
        version: 11.10.0
      jsonwebtoken:
        specifier: ^9.0.2
        version: 9.0.2
      marked:
        specifier: ^13.0.1
        version: 13.0.3
      marked-highlight:
        specifier: ^2.1.3
        version: 2.1.4(marked@13.0.3)
      next:
        specifier: canary
        version: 15.0.0-canary.179(react-dom@19.0.0-rc-ed966dac-20241007(react@19.0.0-rc-ed966dac-20241007))(react@19.0.0-rc-ed966dac-20241007)(sass@1.79.4)
      react:
        specifier: rc
        version: 19.0.0-rc-ed966dac-20241007
      react-dom:
        specifier: rc
        version: 19.0.0-rc-ed966dac-20241007(react@19.0.0-rc-ed966dac-20241007)
      sass:
        specifier: ^1.77.6
        version: 1.79.4
      server-only:
        specifier: ^0.0.1
        version: 0.0.1
    devDependencies:
      '@types/jsonwebtoken':
        specifier: ^9.0.6
        version: 9.0.7
      '@types/node':
        specifier: ^20.14.8
        version: 20.16.11
      '@types/react':
        specifier: ^18.3.11
        version: 18.3.11
      postcss:
        specifier: ^8.4.38
        version: 8.4.47
      typescript:
        specifier: ^5.5.2
        version: 5.6.2

packages:

  '@emnapi/runtime@1.3.0':
    resolution: {integrity: sha512-XMBySMuNZs3DM96xcJmLW4EfGnf+uGmFNjzpehMjuX5PLB5j87ar2Zc4e3PVeZ3I5g3tYtAqskB28manlF69Zw==}

  '@img/sharp-darwin-arm64@0.33.5':
    resolution: {integrity: sha512-UT4p+iz/2H4twwAoLCqfA9UH5pI6DggwKEGuaPy7nCVQ8ZsiY5PIcrRvD1DzuY3qYL07NtIQcWnBSY/heikIFQ==}
    engines: {node: ^18.17.0 || ^20.3.0 || >=21.0.0}
    cpu: [arm64]
    os: [darwin]

  '@img/sharp-darwin-x64@0.33.5':
    resolution: {integrity: sha512-fyHac4jIc1ANYGRDxtiqelIbdWkIuQaI84Mv45KvGRRxSAa7o7d1ZKAOBaYbnepLC1WqxfpimdeWfvqqSGwR2Q==}
    engines: {node: ^18.17.0 || ^20.3.0 || >=21.0.0}
    cpu: [x64]
    os: [darwin]

  '@img/sharp-libvips-darwin-arm64@1.0.4':
    resolution: {integrity: sha512-XblONe153h0O2zuFfTAbQYAX2JhYmDHeWikp1LM9Hul9gVPjFY427k6dFEcOL72O01QxQsWi761svJ/ev9xEDg==}
    cpu: [arm64]
    os: [darwin]

  '@img/sharp-libvips-darwin-x64@1.0.4':
    resolution: {integrity: sha512-xnGR8YuZYfJGmWPvmlunFaWJsb9T/AO2ykoP3Fz/0X5XV2aoYBPkX6xqCQvUTKKiLddarLaxpzNe+b1hjeWHAQ==}
    cpu: [x64]
    os: [darwin]

  '@img/sharp-libvips-linux-arm64@1.0.4':
    resolution: {integrity: sha512-9B+taZ8DlyyqzZQnoeIvDVR/2F4EbMepXMc/NdVbkzsJbzkUjhXv/70GQJ7tdLA4YJgNP25zukcxpX2/SueNrA==}
    cpu: [arm64]
    os: [linux]

  '@img/sharp-libvips-linux-arm@1.0.5':
    resolution: {integrity: sha512-gvcC4ACAOPRNATg/ov8/MnbxFDJqf/pDePbBnuBDcjsI8PssmjoKMAz4LtLaVi+OnSb5FK/yIOamqDwGmXW32g==}
    cpu: [arm]
    os: [linux]

  '@img/sharp-libvips-linux-s390x@1.0.4':
    resolution: {integrity: sha512-u7Wz6ntiSSgGSGcjZ55im6uvTrOxSIS8/dgoVMoiGE9I6JAfU50yH5BoDlYA1tcuGS7g/QNtetJnxA6QEsCVTA==}
    cpu: [s390x]
    os: [linux]

  '@img/sharp-libvips-linux-x64@1.0.4':
    resolution: {integrity: sha512-MmWmQ3iPFZr0Iev+BAgVMb3ZyC4KeFc3jFxnNbEPas60e1cIfevbtuyf9nDGIzOaW9PdnDciJm+wFFaTlj5xYw==}
    cpu: [x64]
    os: [linux]

  '@img/sharp-libvips-linuxmusl-arm64@1.0.4':
    resolution: {integrity: sha512-9Ti+BbTYDcsbp4wfYib8Ctm1ilkugkA/uscUn6UXK1ldpC1JjiXbLfFZtRlBhjPZ5o1NCLiDbg8fhUPKStHoTA==}
    cpu: [arm64]
    os: [linux]

  '@img/sharp-libvips-linuxmusl-x64@1.0.4':
    resolution: {integrity: sha512-viYN1KX9m+/hGkJtvYYp+CCLgnJXwiQB39damAO7WMdKWlIhmYTfHjwSbQeUK/20vY154mwezd9HflVFM1wVSw==}
    cpu: [x64]
    os: [linux]

  '@img/sharp-linux-arm64@0.33.5':
    resolution: {integrity: sha512-JMVv+AMRyGOHtO1RFBiJy/MBsgz0x4AWrT6QoEVVTyh1E39TrCUpTRI7mx9VksGX4awWASxqCYLCV4wBZHAYxA==}
    engines: {node: ^18.17.0 || ^20.3.0 || >=21.0.0}
    cpu: [arm64]
    os: [linux]

  '@img/sharp-linux-arm@0.33.5':
    resolution: {integrity: sha512-JTS1eldqZbJxjvKaAkxhZmBqPRGmxgu+qFKSInv8moZ2AmT5Yib3EQ1c6gp493HvrvV8QgdOXdyaIBrhvFhBMQ==}
    engines: {node: ^18.17.0 || ^20.3.0 || >=21.0.0}
    cpu: [arm]
    os: [linux]

  '@img/sharp-linux-s390x@0.33.5':
    resolution: {integrity: sha512-y/5PCd+mP4CA/sPDKl2961b+C9d+vPAveS33s6Z3zfASk2j5upL6fXVPZi7ztePZ5CuH+1kW8JtvxgbuXHRa4Q==}
    engines: {node: ^18.17.0 || ^20.3.0 || >=21.0.0}
    cpu: [s390x]
    os: [linux]

  '@img/sharp-linux-x64@0.33.5':
    resolution: {integrity: sha512-opC+Ok5pRNAzuvq1AG0ar+1owsu842/Ab+4qvU879ippJBHvyY5n2mxF1izXqkPYlGuP/M556uh53jRLJmzTWA==}
    engines: {node: ^18.17.0 || ^20.3.0 || >=21.0.0}
    cpu: [x64]
    os: [linux]

  '@img/sharp-linuxmusl-arm64@0.33.5':
    resolution: {integrity: sha512-XrHMZwGQGvJg2V/oRSUfSAfjfPxO+4DkiRh6p2AFjLQztWUuY/o8Mq0eMQVIY7HJ1CDQUJlxGGZRw1a5bqmd1g==}
    engines: {node: ^18.17.0 || ^20.3.0 || >=21.0.0}
    cpu: [arm64]
    os: [linux]

  '@img/sharp-linuxmusl-x64@0.33.5':
    resolution: {integrity: sha512-WT+d/cgqKkkKySYmqoZ8y3pxx7lx9vVejxW/W4DOFMYVSkErR+w7mf2u8m/y4+xHe7yY9DAXQMWQhpnMuFfScw==}
    engines: {node: ^18.17.0 || ^20.3.0 || >=21.0.0}
    cpu: [x64]
    os: [linux]

  '@img/sharp-wasm32@0.33.5':
    resolution: {integrity: sha512-ykUW4LVGaMcU9lu9thv85CbRMAwfeadCJHRsg2GmeRa/cJxsVY9Rbd57JcMxBkKHag5U/x7TSBpScF4U8ElVzg==}
    engines: {node: ^18.17.0 || ^20.3.0 || >=21.0.0}
    cpu: [wasm32]

  '@img/sharp-win32-ia32@0.33.5':
    resolution: {integrity: sha512-T36PblLaTwuVJ/zw/LaH0PdZkRz5rd3SmMHX8GSmR7vtNSP5Z6bQkExdSK7xGWyxLw4sUknBuugTelgw2faBbQ==}
    engines: {node: ^18.17.0 || ^20.3.0 || >=21.0.0}
    cpu: [ia32]
    os: [win32]

  '@img/sharp-win32-x64@0.33.5':
    resolution: {integrity: sha512-MpY/o8/8kj+EcnxwvrP4aTJSWw/aZ7JIGR4aBeZkZw5B7/Jn+tY9/VNwtcoGmdT7GfggGIU4kygOMSbYnOrAbg==}
    engines: {node: ^18.17.0 || ^20.3.0 || >=21.0.0}
    cpu: [x64]
    os: [win32]

  '@next/env@15.0.0-canary.179':
    resolution: {integrity: sha512-w1C3ySjPyLe8ia7otPZ9O25QFw92lcIKy3dbS2lJmTdZ/GK63KT5Obja+3Juk7pV4/RqocjcEw0Hg3cHo3dWdg==}

  '@next/swc-darwin-arm64@15.0.0-canary.179':
    resolution: {integrity: sha512-0xb7yRjXC4uyz3ON/QPjpOTLDx5ZGnIFSOve2mCoc9YgueDWl1WjaS0QnTDZGlqWis9E2fVSIqfD6Uy0/cillQ==}
    engines: {node: '>= 10'}
    cpu: [arm64]
    os: [darwin]

  '@next/swc-darwin-x64@15.0.0-canary.179':
    resolution: {integrity: sha512-/WwxvdyitQ3IrEzahS2qE5jmMrMjSbKl9S4rq/PnrVdtvvXopZlwieX1PL5L29buSfqBc32uSVRIJgJRVzfP6w==}
    engines: {node: '>= 10'}
    cpu: [x64]
    os: [darwin]

  '@next/swc-linux-arm64-gnu@15.0.0-canary.179':
    resolution: {integrity: sha512-zSvmXeG38w3u3YiVlo9LBcQp0fgs0AnsaSbv2CPwGuys/fig4xxRm6W+02BBkcSoRY94BvjDcnOHGv+CgGMsIg==}
    engines: {node: '>= 10'}
    cpu: [arm64]
    os: [linux]

  '@next/swc-linux-arm64-musl@15.0.0-canary.179':
    resolution: {integrity: sha512-yS+BCdaeUvfulWHCS5JDqMieLiPe/6d82FI+iGw5ROQ90yg6+WRUd7dSd8N9sgRHH/deXnYu2ThYCezl/5cRfw==}
    engines: {node: '>= 10'}
    cpu: [arm64]
    os: [linux]

  '@next/swc-linux-x64-gnu@15.0.0-canary.179':
    resolution: {integrity: sha512-kLXOMcg99SAaqZSJdJPVbyyj9EPzofehgfXwtdwTONWHrByHxbDfd3L1747Cim1/zFeO6G7Vnax7x6LibjKt5g==}
    engines: {node: '>= 10'}
    cpu: [x64]
    os: [linux]

  '@next/swc-linux-x64-musl@15.0.0-canary.179':
    resolution: {integrity: sha512-b/le7lKTHWNd6bFc7dtTgwRNAa10wEDuvNu9+weOkFwkKcVtXl/8ail8iLwF0awmV3+ZIOpe0YwIcSRk69pafA==}
    engines: {node: '>= 10'}
    cpu: [x64]
    os: [linux]

  '@next/swc-win32-arm64-msvc@15.0.0-canary.179':
    resolution: {integrity: sha512-CNZIGfEIkbJUOTKvUX+4uc/pd8IFDOTzWNtYTqiL55w0z7gnwafxtojBZMiut9XoaQBWulzGbPCeJPl77vVzdQ==}
    engines: {node: '>= 10'}
    cpu: [arm64]
    os: [win32]

  '@next/swc-win32-ia32-msvc@15.0.0-canary.179':
    resolution: {integrity: sha512-fNh/uhnPoxI6Z6p37aywvn+DgWIgaIJcvfe/cMUYC/sDt8YRY1ORfhZGgnGTRqL6W8LOn2zO1oKhp4PAlshuUw==}
    engines: {node: '>= 10'}
    cpu: [ia32]
    os: [win32]

  '@next/swc-win32-x64-msvc@15.0.0-canary.179':
    resolution: {integrity: sha512-6GXSem5I4s6lI4Z9fJ/6UtpW+lzk8ZxuoHgj6uDcg9MtFgOVPXgpZi476c5akeTokFap/V+xdEHIsgjev0HFfQ==}
    engines: {node: '>= 10'}
    cpu: [x64]
    os: [win32]

  '@swc/counter@0.1.3':
    resolution: {integrity: sha512-e2BR4lsJkkRlKZ/qCHPw9ZaSxc0MVUd7gtbtaB7aMvHeJVYe8sOB8DBZkP2DtISHGSku9sCK6T6cnY0CtXrOCQ==}

  '@swc/helpers@0.5.13':
    resolution: {integrity: sha512-UoKGxQ3r5kYI9dALKJapMmuK+1zWM/H17Z1+iwnNmzcJRnfFuevZs375TA5rW31pu4BS4NoSy1fRsexDXfWn5w==}

  '@types/jsonwebtoken@9.0.7':
    resolution: {integrity: sha512-ugo316mmTYBl2g81zDFnZ7cfxlut3o+/EQdaP7J8QN2kY6lJ22hmQYCK5EHcJHbrW+dkCGSCPgbG8JtYj6qSrg==}

  '@types/node@20.16.11':
    resolution: {integrity: sha512-y+cTCACu92FyA5fgQSAI8A1H429g7aSK2HsO7K4XYUWc4dY5IUz55JSDIYT6/VsOLfGy8vmvQYC2hfb0iF16Uw==}

  '@types/prop-types@15.7.13':
    resolution: {integrity: sha512-hCZTSvwbzWGvhqxp/RqVqwU999pBf2vp7hzIjiYOsl8wqOmUxkQ6ddw1cV3l8811+kdUFus/q4d1Y3E3SyEifA==}

  '@types/react@18.3.11':
    resolution: {integrity: sha512-r6QZ069rFTjrEYgFdOck1gK7FLVsgJE7tTz0pQBczlBNUhBNk0MQH4UbnFSwjpQLMkLzgqvBBa+qGpLje16eTQ==}

  buffer-equal-constant-time@1.0.1:
    resolution: {integrity: sha512-zRpUiDwd/xk6ADqPMATG8vc9VPrkck7T07OIx0gnjmJAnHnTVXNQG3vfvWNuiZIkwu9KrKdA1iJKfsfTVxE6NA==}

  busboy@1.6.0:
    resolution: {integrity: sha512-8SFQbg/0hQ9xy3UNTB0YEnsNBbWfhf7RtnzpL7TkBiTBRfrQ9Fxcnz7VJsleJpyp6rVLvXiuORqjlHi5q+PYuA==}
    engines: {node: '>=10.16.0'}

  caniuse-lite@1.0.30001667:
    resolution: {integrity: sha512-7LTwJjcRkzKFmtqGsibMeuXmvFDfZq/nzIjnmgCGzKKRVzjD72selLDK1oPF/Oxzmt4fNcPvTDvGqSDG4tCALw==}

  chokidar@4.0.1:
    resolution: {integrity: sha512-n8enUVCED/KVRQlab1hr3MVpcVMvxtZjmEa956u+4YijlmQED223XMSYj2tLuKvr4jcCTzNNMpQDUer72MMmzA==}
    engines: {node: '>= 14.16.0'}

  client-only@0.0.1:
    resolution: {integrity: sha512-IV3Ou0jSMzZrd3pZ48nLkT9DA7Ag1pnPzaiQhpW7c3RbcqqzvzzVu+L8gfqMp/8IM2MQtSiqaCxrrcfu8I8rMA==}

  color-convert@2.0.1:
    resolution: {integrity: sha512-RRECPsj7iu/xb5oKYcsFHSppFNnsj/52OVTRKb4zP5onXwVF3zVmmToNcOfGC+CRDpfK/U584fMg38ZHCaElKQ==}
    engines: {node: '>=7.0.0'}

  color-name@1.1.4:
    resolution: {integrity: sha512-dOy+3AuW3a2wNbZHIuMZpTcgjGuLU/uBL/ubcZF9OXbDo8ff4O8yVp5Bf0efS8uEoYo5q4Fx7dY9OgQGXgAsQA==}

  color-string@1.9.1:
    resolution: {integrity: sha512-shrVawQFojnZv6xM40anx4CkoDP+fZsw/ZerEMsW/pyzsRbElpsL/DBVW7q3ExxwusdNXI3lXpuhEZkzs8p5Eg==}

  color@4.2.3:
    resolution: {integrity: sha512-1rXeuUUiGGrykh+CeBdu5Ie7OJwinCgQY0bc7GCRxy5xVHy+moaqkpL/jqQq0MtQOeYcrqEz4abc5f0KtU7W4A==}
    engines: {node: '>=12.5.0'}

  csstype@3.1.3:
    resolution: {integrity: sha512-M1uQkMl8rQK/szD0LNhtqxIPLpimGm8sOBwU7lLnCpSbTyY3yeU1Vc7l4KT5zT4s/yOxHH5O7tIuuLOCnLADRw==}

  detect-libc@2.0.3:
    resolution: {integrity: sha512-bwy0MGW55bG41VqxxypOsdSdGqLwXPI/focwgTYCFMbdUiBAxLg9CFzG08sz2aqzknwiX7Hkl0bQENjg8iLByw==}
    engines: {node: '>=8'}

  ecdsa-sig-formatter@1.0.11:
    resolution: {integrity: sha512-nagl3RYrbNv6kQkeJIpt6NJZy8twLB/2vtz6yN9Z4vRKHN4/QZJIEbqohALSgwKdnksuY3k5Addp5lg8sVoVcQ==}

  highlight.js@11.10.0:
    resolution: {integrity: sha512-SYVnVFswQER+zu1laSya563s+F8VDGt7o35d4utbamowvUNLLMovFqwCLSocpZTz3MgaSRA1IbqRWZv97dtErQ==}
    engines: {node: '>=12.0.0'}

  immutable@4.3.7:
    resolution: {integrity: sha512-1hqclzwYwjRDFLjcFxOM5AYkkG0rpFPpr1RLPMEuGczoS7YA8gLhy8SWXYRAA/XwfEHpfo3cw5JGioS32fnMRw==}

  is-arrayish@0.3.2:
    resolution: {integrity: sha512-eVRqCvVlZbuw3GrM63ovNSNAeA1K16kaR/LRY/92w0zxQ5/1YzwblUX652i4Xs9RwAGjW9d9y6X88t8OaAJfWQ==}

  jsonwebtoken@9.0.2:
    resolution: {integrity: sha512-PRp66vJ865SSqOlgqS8hujT5U4AOgMfhrwYIuIhfKaoSCZcirrmASQr8CX7cUg+RMih+hgznrjp99o+W4pJLHQ==}
    engines: {node: '>=12', npm: '>=6'}

  jwa@1.4.1:
    resolution: {integrity: sha512-qiLX/xhEEFKUAJ6FiBMbes3w9ATzyk5W7Hvzpa/SLYdxNtng+gcurvrI7TbACjIXlsJyr05/S1oUhZrc63evQA==}

  jws@3.2.2:
    resolution: {integrity: sha512-YHlZCB6lMTllWDtSPHz/ZXTsi8S00usEV6v1tjq8tOUZzw7DpSDWVXjXDre6ed1w/pd495ODpHZYSdkRTsa0HA==}

  lodash.includes@4.3.0:
    resolution: {integrity: sha512-W3Bx6mdkRTGtlJISOvVD/lbqjTlPPUDTMnlXZFnVwi9NKJ6tiAk6LVdlhZMm17VZisqhKcgzpO5Wz91PCt5b0w==}

  lodash.isboolean@3.0.3:
    resolution: {integrity: sha512-Bz5mupy2SVbPHURB98VAcw+aHh4vRV5IPNhILUCsOzRmsTmSQ17jIuqopAentWoehktxGd9e/hbIXq980/1QJg==}

  lodash.isinteger@4.0.4:
    resolution: {integrity: sha512-DBwtEWN2caHQ9/imiNeEA5ys1JoRtRfY3d7V9wkqtbycnAmTvRRmbHKDV4a0EYc678/dia0jrte4tjYwVBaZUA==}

  lodash.isnumber@3.0.3:
    resolution: {integrity: sha512-QYqzpfwO3/CWf3XP+Z+tkQsfaLL/EnUlXWVkIk5FUPc4sBdTehEqZONuyRt2P67PXAk+NXmTBcc97zw9t1FQrw==}

  lodash.isplainobject@4.0.6:
    resolution: {integrity: sha512-oSXzaWypCMHkPC3NvBEaPHf0KsA5mvPrOPgQWDsbg8n7orZ290M0BmC/jgRZ4vcJ6DTAhjrsSYgdsW/F+MFOBA==}

  lodash.isstring@4.0.1:
    resolution: {integrity: sha512-0wJxfxH1wgO3GrbuP+dTTk7op+6L41QCXbGINEmD+ny/G/eCqGzxyCsh7159S+mgDDcoarnBw6PC1PS5+wUGgw==}

  lodash.once@4.1.1:
    resolution: {integrity: sha512-Sb487aTOCr9drQVL8pIxOzVhafOjZN9UU54hiN8PU3uAiSV7lx1yYNpbNmex2PK6dSJoNTSJUUswT651yww3Mg==}

  marked-highlight@2.1.4:
    resolution: {integrity: sha512-D1GOkcdzP+1dzjoColL7umojefFrASDuLeyaHS0Zr/Uo9jkr1V6vpLRCzfi1djmEaWyK0SYMFtHnpkZ+cwFT1w==}
    peerDependencies:
      marked: '>=4 <15'

  marked@13.0.3:
    resolution: {integrity: sha512-rqRix3/TWzE9rIoFGIn8JmsVfhiuC8VIQ8IdX5TfzmeBucdY05/0UlzKaw0eVtpcN/OdVFpBk7CjKGo9iHJ/zA==}
    engines: {node: '>= 18'}
    hasBin: true

  ms@2.1.3:
    resolution: {integrity: sha512-6FlzubTLZG3J2a/NVCAleEhjzq5oxgHyaCU9yYXvcLsvoVaHJq/s5xXI6/XXP6tz7R9xAOtHnSO/tXtF3WRTlA==}

  nanoid@3.3.7:
    resolution: {integrity: sha512-eSRppjcPIatRIMC1U6UngP8XFcz8MQWGQdt1MTBQ7NaAmvXDfvNxbvWV3x2y6CdEUciCSsDHDQZbhYaB8QEo2g==}
    engines: {node: ^10 || ^12 || ^13.7 || ^14 || >=15.0.1}
    hasBin: true

  next@15.0.0-canary.179:
    resolution: {integrity: sha512-F7OycWJolV5TLLDw0JeLS7tlhwKL0PnjMCdQ+qQLAFUhtAkl5IY3D6DtytJlFAgy6OwTnyEc+rJ3VkbR7YKveQ==}
    engines: {node: '>=18.18.0'}
    hasBin: true
    peerDependencies:
      '@opentelemetry/api': ^1.1.0
      '@playwright/test': ^1.41.2
      babel-plugin-react-compiler: '*'
      react: ^18.2.0 || 19.0.0-rc-2d16326d-20240930
      react-dom: ^18.2.0 || 19.0.0-rc-2d16326d-20240930
      sass: ^1.3.0
    peerDependenciesMeta:
      '@opentelemetry/api':
        optional: true
      '@playwright/test':
        optional: true
      babel-plugin-react-compiler:
        optional: true
      sass:
        optional: true

  picocolors@1.1.0:
    resolution: {integrity: sha512-TQ92mBOW0l3LeMeyLV6mzy/kWr8lkd/hp3mTg7wYK7zJhuBStmGMBG0BdeDZS/dZx1IukaX6Bk11zcln25o1Aw==}

  postcss@8.4.31:
    resolution: {integrity: sha512-PS08Iboia9mts/2ygV3eLpY5ghnUcfLV/EXTOW1E2qYxJKGGBUtNjN76FYHnMs36RmARn41bC0AZmn+rR0OVpQ==}
    engines: {node: ^10 || ^12 || >=14}

  postcss@8.4.47:
    resolution: {integrity: sha512-56rxCq7G/XfB4EkXq9Egn5GCqugWvDFjafDOThIdMBsI15iqPqR5r15TfSr1YPYeEI19YeaXMCbY6u88Y76GLQ==}
    engines: {node: ^10 || ^12 || >=14}

  react-dom@19.0.0-rc-ed966dac-20241007:
    resolution: {integrity: sha512-USdxDSSetbWFUURISXaSh8fRJPeJ55tSKw+AYJjq9zMHvYF2iTwau++UfuvHXFcbH+zuKCbWkgYrNSqE6sK0zw==}
    peerDependencies:
      react: 19.0.0-rc-ed966dac-20241007

  react@19.0.0-rc-ed966dac-20241007:
    resolution: {integrity: sha512-9lX9zCQHA4q9mXxYPIpo4OqZ7y5uzGwtGUKkm5EcPp9xkBsX6IToQZLonaRiYJA/tRJnVvVmB7p+M4Afv0RuEA==}
    engines: {node: '>=0.10.0'}

  readdirp@4.0.2:
    resolution: {integrity: sha512-yDMz9g+VaZkqBYS/ozoBJwaBhTbZo3UNYQHNRw1D3UFQB8oHB4uS/tAODO+ZLjGWmUbKnIlOWO+aaIiAxrUWHA==}
    engines: {node: '>= 14.16.0'}

  safe-buffer@5.2.1:
    resolution: {integrity: sha512-rp3So07KcdmmKbGvgaNxQSJr7bGVSVk5S9Eq1F+ppbRo70+YeaDxkw5Dd8NPN+GD6bjnYm2VuPuCXmpuYvmCXQ==}

  sass@1.79.4:
    resolution: {integrity: sha512-K0QDSNPXgyqO4GZq2HO5Q70TLxTH6cIT59RdoCHMivrC8rqzaTw5ab9prjz9KUN1El4FLXrBXJhik61JR4HcGg==}
    engines: {node: '>=14.0.0'}
    hasBin: true

  scheduler@0.25.0-rc-ed966dac-20241007:
    resolution: {integrity: sha512-pOk5tHsTlOaoDy3MwELAOhUaxEBae7Cj6LSBnZWeZHgfir1+D8K2o5sbhgVYtGma4taFUajzlLAQAWZBRJ+Dbw==}

  semver@7.6.3:
    resolution: {integrity: sha512-oVekP1cKtI+CTDvHWYFUcMtsK/00wmAEfyqKfNdARm8u1wNVhSgaX7A8d4UuIlUI5e84iEwOhs7ZPYRmzU9U6A==}
    engines: {node: '>=10'}
    hasBin: true

  server-only@0.0.1:
    resolution: {integrity: sha512-qepMx2JxAa5jjfzxG79yPPq+8BuFToHd1hm7kI+Z4zAq1ftQiP7HcxMhDDItrbtwVeLg/cY2JnKnrcFkmiswNA==}

  sharp@0.33.5:
    resolution: {integrity: sha512-haPVm1EkS9pgvHrQ/F3Xy+hgcuMV0Wm9vfIBSiwZ05k+xgb0PkBQpGsAA/oWdDobNaZTH5ppvHtzCFbnSEwHVw==}
    engines: {node: ^18.17.0 || ^20.3.0 || >=21.0.0}

  simple-swizzle@0.2.2:
    resolution: {integrity: sha512-JA//kQgZtbuY83m+xT+tXJkmJncGMTFT+C+g2h2R9uxkYIrE2yy9sgmcLhCnw57/WSD+Eh3J97FPEDFnbXnDUg==}

  source-map-js@1.2.1:
    resolution: {integrity: sha512-UXWMKhLOwVKb728IUtQPXxfYU+usdybtUrK/8uGE8CQMvrhOpwvzDBwj0QhSL7MQc7vIsISBG8VQ8+IDQxpfQA==}
    engines: {node: '>=0.10.0'}

  streamsearch@1.1.0:
    resolution: {integrity: sha512-Mcc5wHehp9aXz1ax6bZUyY5afg9u2rv5cqQI3mRrYkGC8rW2hM02jWuwjtL++LS5qinSyhj2QfLyNsuc+VsExg==}
    engines: {node: '>=10.0.0'}

  styled-jsx@5.1.6:
    resolution: {integrity: sha512-qSVyDTeMotdvQYoHWLNGwRFJHC+i+ZvdBRYosOFgC+Wg1vx4frN2/RG/NA7SYqqvKNLf39P2LSRA2pu6n0XYZA==}
    engines: {node: '>= 12.0.0'}
    peerDependencies:
      '@babel/core': '*'
      babel-plugin-macros: '*'
      react: '>= 16.8.0 || 17.x.x || ^18.0.0-0 || ^19.0.0-0'
    peerDependenciesMeta:
      '@babel/core':
        optional: true
      babel-plugin-macros:
        optional: true

  tslib@2.7.0:
    resolution: {integrity: sha512-gLXCKdN1/j47AiHiOkJN69hJmcbGTHI0ImLmbYLHykhgeN0jVGola9yVjFgzCUklsZQMW55o+dW7IXv3RCXDzA==}

  typescript@5.6.2:
    resolution: {integrity: sha512-NW8ByodCSNCwZeghjN3o+JX5OFH0Ojg6sadjEKY4huZ52TqbJTJnDo5+Tw98lSy63NZvi4n+ez5m2u5d4PkZyw==}
    engines: {node: '>=14.17'}
    hasBin: true

  undici-types@6.19.8:
    resolution: {integrity: sha512-ve2KP6f/JnbPBFyobGHuerC9g1FYGn/F8n1LWTwNxCEzd6IfqTwUQcNXgEtmmQ6DlRrC1hrSrBnCZPokRrDHjw==}

snapshots:

  '@emnapi/runtime@1.3.0':
    dependencies:
      tslib: 2.7.0
    optional: true

  '@img/sharp-darwin-arm64@0.33.5':
    optionalDependencies:
      '@img/sharp-libvips-darwin-arm64': 1.0.4
    optional: true

  '@img/sharp-darwin-x64@0.33.5':
    optionalDependencies:
      '@img/sharp-libvips-darwin-x64': 1.0.4
    optional: true

  '@img/sharp-libvips-darwin-arm64@1.0.4':
    optional: true

  '@img/sharp-libvips-darwin-x64@1.0.4':
    optional: true

  '@img/sharp-libvips-linux-arm64@1.0.4':
    optional: true

  '@img/sharp-libvips-linux-arm@1.0.5':
    optional: true

  '@img/sharp-libvips-linux-s390x@1.0.4':
    optional: true

  '@img/sharp-libvips-linux-x64@1.0.4':
    optional: true

  '@img/sharp-libvips-linuxmusl-arm64@1.0.4':
    optional: true

  '@img/sharp-libvips-linuxmusl-x64@1.0.4':
    optional: true

  '@img/sharp-linux-arm64@0.33.5':
    optionalDependencies:
      '@img/sharp-libvips-linux-arm64': 1.0.4
    optional: true

  '@img/sharp-linux-arm@0.33.5':
    optionalDependencies:
      '@img/sharp-libvips-linux-arm': 1.0.5
    optional: true

  '@img/sharp-linux-s390x@0.33.5':
    optionalDependencies:
      '@img/sharp-libvips-linux-s390x': 1.0.4
    optional: true

  '@img/sharp-linux-x64@0.33.5':
    optionalDependencies:
      '@img/sharp-libvips-linux-x64': 1.0.4
    optional: true

  '@img/sharp-linuxmusl-arm64@0.33.5':
    optionalDependencies:
      '@img/sharp-libvips-linuxmusl-arm64': 1.0.4
    optional: true

  '@img/sharp-linuxmusl-x64@0.33.5':
    optionalDependencies:
      '@img/sharp-libvips-linuxmusl-x64': 1.0.4
    optional: true

  '@img/sharp-wasm32@0.33.5':
    dependencies:
      '@emnapi/runtime': 1.3.0
    optional: true

  '@img/sharp-win32-ia32@0.33.5':
    optional: true

  '@img/sharp-win32-x64@0.33.5':
    optional: true

  '@next/env@15.0.0-canary.179': {}

  '@next/swc-darwin-arm64@15.0.0-canary.179':
    optional: true

  '@next/swc-darwin-x64@15.0.0-canary.179':
    optional: true

  '@next/swc-linux-arm64-gnu@15.0.0-canary.179':
    optional: true

  '@next/swc-linux-arm64-musl@15.0.0-canary.179':
    optional: true

  '@next/swc-linux-x64-gnu@15.0.0-canary.179':
    optional: true

  '@next/swc-linux-x64-musl@15.0.0-canary.179':
    optional: true

  '@next/swc-win32-arm64-msvc@15.0.0-canary.179':
    optional: true

  '@next/swc-win32-ia32-msvc@15.0.0-canary.179':
    optional: true

  '@next/swc-win32-x64-msvc@15.0.0-canary.179':
    optional: true

  '@swc/counter@0.1.3': {}

  '@swc/helpers@0.5.13':
    dependencies:
      tslib: 2.7.0

  '@types/jsonwebtoken@9.0.7':
    dependencies:
      '@types/node': 20.16.11

  '@types/node@20.16.11':
    dependencies:
      undici-types: 6.19.8

  '@types/prop-types@15.7.13': {}

  '@types/react@18.3.11':
    dependencies:
      '@types/prop-types': 15.7.13
      csstype: 3.1.3

  buffer-equal-constant-time@1.0.1: {}

  busboy@1.6.0:
    dependencies:
      streamsearch: 1.1.0

  caniuse-lite@1.0.30001667: {}

  chokidar@4.0.1:
    dependencies:
      readdirp: 4.0.2

  client-only@0.0.1: {}

  color-convert@2.0.1:
    dependencies:
      color-name: 1.1.4
    optional: true

  color-name@1.1.4:
    optional: true

  color-string@1.9.1:
    dependencies:
      color-name: 1.1.4
      simple-swizzle: 0.2.2
    optional: true

  color@4.2.3:
    dependencies:
      color-convert: 2.0.1
      color-string: 1.9.1
    optional: true

  csstype@3.1.3: {}

  detect-libc@2.0.3:
    optional: true

  ecdsa-sig-formatter@1.0.11:
    dependencies:
      safe-buffer: 5.2.1

  highlight.js@11.10.0: {}

  immutable@4.3.7: {}

  is-arrayish@0.3.2:
    optional: true

  jsonwebtoken@9.0.2:
    dependencies:
      jws: 3.2.2
      lodash.includes: 4.3.0
      lodash.isboolean: 3.0.3
      lodash.isinteger: 4.0.4
      lodash.isnumber: 3.0.3
      lodash.isplainobject: 4.0.6
      lodash.isstring: 4.0.1
      lodash.once: 4.1.1
      ms: 2.1.3
      semver: 7.6.3

  jwa@1.4.1:
    dependencies:
      buffer-equal-constant-time: 1.0.1
      ecdsa-sig-formatter: 1.0.11
      safe-buffer: 5.2.1

  jws@3.2.2:
    dependencies:
      jwa: 1.4.1
      safe-buffer: 5.2.1

  lodash.includes@4.3.0: {}

  lodash.isboolean@3.0.3: {}

  lodash.isinteger@4.0.4: {}

  lodash.isnumber@3.0.3: {}

  lodash.isplainobject@4.0.6: {}

  lodash.isstring@4.0.1: {}

  lodash.once@4.1.1: {}

  marked-highlight@2.1.4(marked@13.0.3):
    dependencies:
      marked: 13.0.3

  marked@13.0.3: {}

  ms@2.1.3: {}

  nanoid@3.3.7: {}

  next@15.0.0-canary.179(react-dom@19.0.0-rc-ed966dac-20241007(react@19.0.0-rc-ed966dac-20241007))(react@19.0.0-rc-ed966dac-20241007)(sass@1.79.4):
    dependencies:
      '@next/env': 15.0.0-canary.179
      '@swc/counter': 0.1.3
      '@swc/helpers': 0.5.13
      busboy: 1.6.0
      caniuse-lite: 1.0.30001667
      postcss: 8.4.31
      react: 19.0.0-rc-ed966dac-20241007
      react-dom: 19.0.0-rc-ed966dac-20241007(react@19.0.0-rc-ed966dac-20241007)
      styled-jsx: 5.1.6(react@19.0.0-rc-ed966dac-20241007)
    optionalDependencies:
      '@next/swc-darwin-arm64': 15.0.0-canary.179
      '@next/swc-darwin-x64': 15.0.0-canary.179
      '@next/swc-linux-arm64-gnu': 15.0.0-canary.179
      '@next/swc-linux-arm64-musl': 15.0.0-canary.179
      '@next/swc-linux-x64-gnu': 15.0.0-canary.179
      '@next/swc-linux-x64-musl': 15.0.0-canary.179
      '@next/swc-win32-arm64-msvc': 15.0.0-canary.179
      '@next/swc-win32-ia32-msvc': 15.0.0-canary.179
      '@next/swc-win32-x64-msvc': 15.0.0-canary.179
      sass: 1.79.4
      sharp: 0.33.5
    transitivePeerDependencies:
      - '@babel/core'
      - babel-plugin-macros

  picocolors@1.1.0: {}

  postcss@8.4.31:
    dependencies:
      nanoid: 3.3.7
      picocolors: 1.1.0
      source-map-js: 1.2.1

  postcss@8.4.47:
    dependencies:
      nanoid: 3.3.7
      picocolors: 1.1.0
      source-map-js: 1.2.1

  react-dom@19.0.0-rc-ed966dac-20241007(react@19.0.0-rc-ed966dac-20241007):
    dependencies:
      react: 19.0.0-rc-ed966dac-20241007
      scheduler: 0.25.0-rc-ed966dac-20241007

  react@19.0.0-rc-ed966dac-20241007: {}

  readdirp@4.0.2: {}

  safe-buffer@5.2.1: {}

  sass@1.79.4:
    dependencies:
      chokidar: 4.0.1
      immutable: 4.3.7
      source-map-js: 1.2.1

  scheduler@0.25.0-rc-ed966dac-20241007: {}

  semver@7.6.3: {}

  server-only@0.0.1: {}

  sharp@0.33.5:
    dependencies:
      color: 4.2.3
      detect-libc: 2.0.3
      semver: 7.6.3
    optionalDependencies:
      '@img/sharp-darwin-arm64': 0.33.5
      '@img/sharp-darwin-x64': 0.33.5
      '@img/sharp-libvips-darwin-arm64': 1.0.4
      '@img/sharp-libvips-darwin-x64': 1.0.4
      '@img/sharp-libvips-linux-arm': 1.0.5
      '@img/sharp-libvips-linux-arm64': 1.0.4
      '@img/sharp-libvips-linux-s390x': 1.0.4
      '@img/sharp-libvips-linux-x64': 1.0.4
      '@img/sharp-libvips-linuxmusl-arm64': 1.0.4
      '@img/sharp-libvips-linuxmusl-x64': 1.0.4
      '@img/sharp-linux-arm': 0.33.5
      '@img/sharp-linux-arm64': 0.33.5
      '@img/sharp-linux-s390x': 0.33.5
      '@img/sharp-linux-x64': 0.33.5
      '@img/sharp-linuxmusl-arm64': 0.33.5
      '@img/sharp-linuxmusl-x64': 0.33.5
      '@img/sharp-wasm32': 0.33.5
      '@img/sharp-win32-ia32': 0.33.5
      '@img/sharp-win32-x64': 0.33.5
    optional: true

  simple-swizzle@0.2.2:
    dependencies:
      is-arrayish: 0.3.2
    optional: true

  source-map-js@1.2.1: {}

  streamsearch@1.1.0: {}

  styled-jsx@5.1.6(react@19.0.0-rc-ed966dac-20241007):
    dependencies:
      client-only: 0.0.1
      react: 19.0.0-rc-ed966dac-20241007

  tslib@2.7.0: {}

  typescript@5.6.2: {}

  undici-types@6.19.8: {}
